
Microsoft Visual Studio Solution File, Format Version 12.00
# Visual Studio Version 17
VisualStudioVersion = 17.9.34607.119
MinimumVisualStudioVersion = 10.0.40219.1
Project("{FAE04EC0-301F-11D3-BF4B-00C04F79EFBC}") = "Notification Management System", "Notification Management System\Notification Management System.csproj", "{07FE2FCF-D795-4881-964C-0F68EF9B4DEF}"
EndProject
Global
	GlobalSection(SolutionConfigurationPlatforms) = preSolution
		Debug|Any CPU = Debug|Any CPU
		Release|Any CPU = Release|Any CPU
	EndGlobalSection
	GlobalSection(ProjectConfigurationPlatforms) = postSolution
		{07FE2FCF-D795-4881-964C-0F68EF9B4DEF}.Debug|Any CPU.ActiveCfg = Debug|Any CPU
		{07FE2FCF-D795-4881-964C-0F68EF9B4DEF}.Debug|Any CPU.Build.0 = Debug|Any CPU
		{07FE2FCF-D795-4881-964C-0F68EF9B4DEF}.Release|Any CPU.ActiveCfg = Release|Any CPU
		{07FE2FCF-D795-4881-964C-0F68EF9B4DEF}.Release|Any CPU.Build.0 = Release|Any CPU
	EndGlobalSection
	GlobalSection(SolutionProperties) = preSolution
		HideSolutionNode = FALSE
	EndGlobalSection
	GlobalSection(ExtensibilityGlobals) = postSolution
		SolutionGuid = {F20859A4-5D1A-4242-892E-0CC2053D6303}
	EndGlobalSection
EndGlobal
